
Microsoft Visual Studio Solution File, Format Version 12.00
# Visual Studio 14
VisualStudioVersion = 14.0.23107.0
MinimumVisualStudioVersion = 10.0.40219.1
Project("{FAE04EC0-301F-11D3-BF4B-00C04F79EFBC}") = "App", "App.csproj", "{FDAFEB1B-5BD0-4E0B-9C81-8B96951D6626}"
EndProject
Project("{FAE04EC0-301F-11D3-BF4B-00C04F79EFBC}") = "App.Tests", "..\App.Tests\App.Tests.csproj", "{B6A0902E-E720-47E4-B73E-C2228B793E30}"
EndProject
Global
	GlobalSection(SolutionConfigurationPlatforms) = preSolution
		Debug|Any CPU = Debug|Any CPU
		Release|Any CPU = Release|Any CPU
	EndGlobalSection
	GlobalSection(ProjectConfigurationPlatforms) = postSolution
		{FDAFEB1B-5BD0-4E0B-9C81-8B96951D6626}.Debug|Any CPU.ActiveCfg = Debug|Any CPU
		{FDAFEB1B-5BD0-4E0B-9C81-8B96951D6626}.Debug|Any CPU.Build.0 = Debug|Any CPU
		{FDAFEB1B-5BD0-4E0B-9C81-8B96951D6626}.Release|Any CPU.ActiveCfg = Release|Any CPU
		{FDAFEB1B-5BD0-4E0B-9C81-8B96951D6626}.Release|Any CPU.Build.0 = Release|Any CPU
		{B6A0902E-E720-47E4-B73E-C2228B793E30}.Debug|Any CPU.ActiveCfg = Debug|Any CPU
		{B6A0902E-E720-47E4-B73E-C2228B793E30}.Debug|Any CPU.Build.0 = Debug|Any CPU
		{B6A0902E-E720-47E4-B73E-C2228B793E30}.Release|Any CPU.ActiveCfg = Release|Any CPU
		{B6A0902E-E720-47E4-B73E-C2228B793E30}.Release|Any CPU.Build.0 = Release|Any CPU
	EndGlobalSection
	GlobalSection(SolutionProperties) = preSolution
		HideSolutionNode = FALSE
	EndGlobalSection
EndGlobal
